PODS:
  - Chronograph (0.0.5)

DEPENDENCIES:
  - Chronograph (= 0.0.5)

SPEC REPOS:
  https://github.com/kksys/CocoaPodsSpecs.git:
    - Chronograph

SPEC CHECKSUMS:
  Chronograph: b214a9b6e72d8ce2f83f76a036e679bd14b31104

PODFILE CHECKSUM: 51289d8a2d02aa8ae091507dc0cb5bf5231f19d5

COCOAPODS: 1.11.3
