PODS:
  - Chronograph (0.0.4)

DEPENDENCIES:
  - Chronograph (= 0.0.4)

SPEC REPOS:
  https://github.com/kksys/CocoaPodsSpecs.git:
    - Chronograph

SPEC CHECKSUMS:
  Chronograph: cddde6337d3259b0777c8d28e46cc4ff69352c77

PODFILE CHECKSUM: 5b1ac0513818cce58e2b4791d46199252190a63f

COCOAPODS: 1.11.3
