PODS:
  - Chronograph (0.0.4-alpha0)

DEPENDENCIES:
  - Chronograph (= 0.0.4-alpha0)

SPEC REPOS:
  https://github.com/kksys/CocoaPodsSpecs.git:
    - Chronograph

SPEC CHECKSUMS:
  Chronograph: 9b51b58dfa4839621d9762b1cdd08f119aec2a0f

PODFILE CHECKSUM: e8a17f267b3fbb88522f579d32b1ad4eb041191e

COCOAPODS: 1.11.3
