// !$*UTF8*$!
{
	archiveVersion = 1;
	classes = {
	};
	objectVersion = 55;
	objects = {

/* Begin PBXBuildFile section */
		0B6CAD3E9ECB7735663342C6 /* Pods_ExampleTests___macOS.framework in Frameworks */ = {isa = PBXBuildFile; fileRef = 2E3575F5E2F11B00CFE46853 /* Pods_ExampleTests___macOS.framework */; };
		1936317228DA34F3008D3160 /* ContentViewModel.swift in Sources */ = {isa = PBXBuildFile; fileRef = 197B415D28DA2821009D012C /* ContentViewModel.swift */; };
		1936317328DA34F3008D3160 /* ContentView.swift in Sources */ = {isa = PBXBuildFile; fileRef = 197B413328DA273A009D012C /* ContentView.swift */; };
		1936317428DA34F3008D3160 /* DeviceInfo.swift in Sources */ = {isa = PBXBuildFile; fileRef = 197B415C28DA2821009D012C /* DeviceInfo.swift */; };
		1936317528DA34F3008D3160 /* ExampleApp.swift in Sources */ = {isa = PBXBuildFile; fileRef = 197B413128DA273A009D012C /* ExampleApp.swift */; };
		1936317928DA34F3008D3160 /* Preview Assets.xcassets in Resources */ = {isa = PBXBuildFile; fileRef = 197B413928DA273B009D012C /* Preview Assets.xcassets */; };
		1936317A28DA34F3008D3160 /* Assets.xcassets in Resources */ = {isa = PBXBuildFile; fileRef = 197B413528DA273B009D012C /* Assets.xcassets */; };
		1936318428DA3600008D3160 /* ExampleTests.swift in Sources */ = {isa = PBXBuildFile; fileRef = 197B414328DA273B009D012C /* ExampleTests.swift */; };
		1936319128DA3602008D3160 /* ExampleUITests.swift in Sources */ = {isa = PBXBuildFile; fileRef = 197B414D28DA273B009D012C /* ExampleUITests.swift */; };
		1936319228DA3602008D3160 /* ExampleUITestsLaunchTests.swift in Sources */ = {isa = PBXBuildFile; fileRef = 197B414F28DA273B009D012C /* ExampleUITestsLaunchTests.swift */; };
		1936319D28DA4866008D3160 /* ContentView.swift in Sources */ = {isa = PBXBuildFile; fileRef = 197B413328DA273A009D012C /* ContentView.swift */; };
		1936319E28DA4867008D3160 /* ContentView.swift in Sources */ = {isa = PBXBuildFile; fileRef = 197B413328DA273A009D012C /* ContentView.swift */; };
		1936319F28DA4893008D3160 /* ContentViewModel.swift in Sources */ = {isa = PBXBuildFile; fileRef = 197B415D28DA2821009D012C /* ContentViewModel.swift */; };
		193631A028DA4894008D3160 /* ContentViewModel.swift in Sources */ = {isa = PBXBuildFile; fileRef = 197B415D28DA2821009D012C /* ContentViewModel.swift */; };
		193631A128DA489B008D3160 /* DeviceInfo.swift in Sources */ = {isa = PBXBuildFile; fileRef = 197B415C28DA2821009D012C /* DeviceInfo.swift */; };
		193631A228DA489C008D3160 /* DeviceInfo.swift in Sources */ = {isa = PBXBuildFile; fileRef = 197B415C28DA2821009D012C /* DeviceInfo.swift */; };
		193631B628DC8E50008D3160 /* ScreenshotApp.swift in Sources */ = {isa = PBXBuildFile; fileRef = 193631B528DC8E50008D3160 /* ScreenshotApp.swift */; };
		193631BA28DC8E51008D3160 /* Assets.xcassets in Resources */ = {isa = PBXBuildFile; fileRef = 193631B928DC8E51008D3160 /* Assets.xcassets */; };
		193631BD28DC8E51008D3160 /* Preview Assets.xcassets in Resources */ = {isa = PBXBuildFile; fileRef = 193631BC28DC8E51008D3160 /* Preview Assets.xcassets */; };
		193631DE28DC8F2A008D3160 /* ContentView.swift in Sources */ = {isa = PBXBuildFile; fileRef = 197B413328DA273A009D012C /* ContentView.swift */; };
		193631DF28DC8F35008D3160 /* ContentViewModel.swift in Sources */ = {isa = PBXBuildFile; fileRef = 197B415D28DA2821009D012C /* ContentViewModel.swift */; };
		193631E028DC8F3B008D3160 /* DeviceInfo.swift in Sources */ = {isa = PBXBuildFile; fileRef = 197B415C28DA2821009D012C /* DeviceInfo.swift */; };
		193631E128DC8F4B008D3160 /* Snapshot.swift in Sources */ = {isa = PBXBuildFile; fileRef = 193631AA28DB7B9B008D3160 /* Snapshot.swift */; };
		1944E1A328E089D300BF7F95 /* Chronometer.xcframework in Frameworks */ = {isa = PBXBuildFile; fileRef = 1944E1A228E089D300BF7F95 /* Chronometer.xcframework */; };
		1944E1A428E089D300BF7F95 /* Chronometer.xcframework in Embed Frameworks */ = {isa = PBXBuildFile; fileRef = 1944E1A228E089D300BF7F95 /* Chronometer.xcframework */; settings = {ATTRIBUTES = (CodeSignOnCopy, RemoveHeadersOnCopy, ); }; };
		1944E1A628E089DA00BF7F95 /* Chronometer.xcframework in Frameworks */ = {isa = PBXBuildFile; fileRef = 1944E1A228E089D300BF7F95 /* Chronometer.xcframework */; };
		1944E1A728E089DA00BF7F95 /* Chronometer.xcframework in Embed Frameworks */ = {isa = PBXBuildFile; fileRef = 1944E1A228E089D300BF7F95 /* Chronometer.xcframework */; settings = {ATTRIBUTES = (CodeSignOnCopy, RemoveHeadersOnCopy, ); }; };
		1944E1A928E089E100BF7F95 /* Chronometer.xcframework in Frameworks */ = {isa = PBXBuildFile; fileRef = 1944E1A228E089D300BF7F95 /* Chronometer.xcframework */; };
		1944E1AA28E089E100BF7F95 /* Chronometer.xcframework in Embed Frameworks */ = {isa = PBXBuildFile; fileRef = 1944E1A228E089D300BF7F95 /* Chronometer.xcframework */; settings = {ATTRIBUTES = (CodeSignOnCopy, RemoveHeadersOnCopy, ); }; };
		197B413228DA273A009D012C /* ExampleApp.swift in Sources */ = {isa = PBXBuildFile; fileRef = 197B413128DA273A009D012C /* ExampleApp.swift */; };
		197B413428DA273A009D012C /* ContentView.swift in Sources */ = {isa = PBXBuildFile; fileRef = 197B413328DA273A009D012C /* ContentView.swift */; };
		197B413628DA273B009D012C /* Assets.xcassets in Resources */ = {isa = PBXBuildFile; fileRef = 197B413528DA273B009D012C /* Assets.xcassets */; };
		197B413A28DA273B009D012C /* Preview Assets.xcassets in Resources */ = {isa = PBXBuildFile; fileRef = 197B413928DA273B009D012C /* Preview Assets.xcassets */; };
		197B414428DA273B009D012C /* ExampleTests.swift in Sources */ = {isa = PBXBuildFile; fileRef = 197B414328DA273B009D012C /* ExampleTests.swift */; };
		197B414E28DA273B009D012C /* ExampleUITests.swift in Sources */ = {isa = PBXBuildFile; fileRef = 197B414D28DA273B009D012C /* ExampleUITests.swift */; };
		197B415028DA273B009D012C /* ExampleUITestsLaunchTests.swift in Sources */ = {isa = PBXBuildFile; fileRef = 197B414F28DA273B009D012C /* ExampleUITestsLaunchTests.swift */; };
		197B415E28DA2821009D012C /* DeviceInfo.swift in Sources */ = {isa = PBXBuildFile; fileRef = 197B415C28DA2821009D012C /* DeviceInfo.swift */; };
		197B415F28DA2821009D012C /* ContentViewModel.swift in Sources */ = {isa = PBXBuildFile; fileRef = 197B415D28DA2821009D012C /* ContentViewModel.swift */; };
		335163D79E1F2208C7BC9985 /* Pods_ExampleTests___iOS.framework in Frameworks */ = {isa = PBXBuildFile; fileRef = E71279CA6B9B29C23FE8CF91 /* Pods_ExampleTests___iOS.framework */; };
		45D1A6C55683401C7ED65744 /* Pods_iOS_Example___iOS.framework in Frameworks */ = {isa = PBXBuildFile; fileRef = 1E6B1FEC7903C75DD87BB01B /* Pods_iOS_Example___iOS.framework */; };
		47814861D38C6744452C9A27 /* Pods_macOS_Example___macOS.framework in Frameworks */ = {isa = PBXBuildFile; fileRef = 491F2C7913CEDAD02CA23B8D /* Pods_macOS_Example___macOS.framework */; };
		6DEA9FA0E931475447E06497 /* Pods_iOS_Example___iOS_ExampleUITests___iOS.framework in Frameworks */ = {isa = PBXBuildFile; fileRef = 46BC2A8BA366F27632B27DD4 /* Pods_iOS_Example___iOS_ExampleUITests___iOS.framework */; };
		CF7248B19A3267C7F6F58219 /* Pods_macOS_Example___macOS_Screenshot.framework in Frameworks */ = {isa = PBXBuildFile; fileRef = 06A7CBC44087C7245C7712D1 /* Pods_macOS_Example___macOS_Screenshot.framework */; };
		DD185B0D2C50EC8AC990286D /* Pods_macOS_Example___macOS_ExampleUITests___macOS.framework in Frameworks */ = {isa = PBXBuildFile; fileRef = AA7E3ABADF84F24B34E8B994 /* Pods_macOS_Example___macOS_ExampleUITests___macOS.framework */; };
/* End PBXBuildFile section */

/* Begin PBXContainerItemProxy section */
		193631A328DA4C48008D3160 /* PBXContainerItemProxy */ = {
			isa = PBXContainerItemProxy;
			containerPortal = 197B412628DA273A009D012C /* Project object */;
			proxyType = 1;
			remoteGlobalIDString = 1936316F28DA34F3008D3160;
			remoteInfo = "Example - macOS";
		};
		193631A528DA4C4B008D3160 /* PBXContainerItemProxy */ = {
			isa = PBXContainerItemProxy;
			containerPortal = 197B412628DA273A009D012C /* Project object */;
			proxyType = 1;
			remoteGlobalIDString = 1936316F28DA34F3008D3160;
			remoteInfo = "Example - macOS";
		};
		197B414028DA273B009D012C /* PBXContainerItemProxy */ = {
			isa = PBXContainerItemProxy;
			containerPortal = 197B412628DA273A009D012C /* Project object */;
			proxyType = 1;
			remoteGlobalIDString = 197B412D28DA273A009D012C;
			remoteInfo = Example;
		};
		197B414A28DA273B009D012C /* PBXContainerItemProxy */ = {
			isa = PBXContainerItemProxy;
			containerPortal = 197B412628DA273A009D012C /* Project object */;
			proxyType = 1;
			remoteGlobalIDString = 197B412D28DA273A009D012C;
			remoteInfo = Example;
		};
/* End PBXContainerItemProxy section */

/* Begin PBXCopyFilesBuildPhase section */
		1944E1A528E089D300BF7F95 /* Embed Frameworks */ = {
			isa = PBXCopyFilesBuildPhase;
			buildActionMask = 2147483647;
			dstPath = "";
			dstSubfolderSpec = 10;
			files = (
				1944E1A428E089D300BF7F95 /* Chronometer.xcframework in Embed Frameworks */,
			);
			name = "Embed Frameworks";
			runOnlyForDeploymentPostprocessing = 0;
		};
		1944E1A828E089DB00BF7F95 /* Embed Frameworks */ = {
			isa = PBXCopyFilesBuildPhase;
			buildActionMask = 2147483647;
			dstPath = "";
			dstSubfolderSpec = 10;
			files = (
				1944E1A728E089DA00BF7F95 /* Chronometer.xcframework in Embed Frameworks */,
			);
			name = "Embed Frameworks";
			runOnlyForDeploymentPostprocessing = 0;
		};
		1944E1AB28E089E200BF7F95 /* Embed Frameworks */ = {
			isa = PBXCopyFilesBuildPhase;
			buildActionMask = 2147483647;
			dstPath = "";
			dstSubfolderSpec = 10;
			files = (
				1944E1AA28E089E100BF7F95 /* Chronometer.xcframework in Embed Frameworks */,
			);
			name = "Embed Frameworks";
			runOnlyForDeploymentPostprocessing = 0;
		};
/* End PBXCopyFilesBuildPhase section */

/* Begin PBXFileReference section */
		06A7CBC44087C7245C7712D1 /* Pods_macOS_Example___macOS_Screenshot.framework */ = {isa = PBXFileReference; explicitFileType = wrapper.framework; includeInIndex = 0; path = "Pods_macOS_Example___macOS_Screenshot.framework"; sourceTree = BUILT_PRODUCTS_DIR; };
		10B7EB02B42E3F1BA55FE7EA /* Pods-ExampleTests - macOS.debug.xcconfig */ = {isa = PBXFileReference; includeInIndex = 1; lastKnownFileType = text.xcconfig; name = "Pods-ExampleTests - macOS.debug.xcconfig"; path = "Target Support Files/Pods-ExampleTests - macOS/Pods-ExampleTests - macOS.debug.xcconfig"; sourceTree = "<group>"; };
		1936317E28DA34F3008D3160 /* Example.app */ = {isa = PBXFileReference; explicitFileType = wrapper.application; includeInIndex = 0; path = Example.app; sourceTree = BUILT_PRODUCTS_DIR; };
		1936318B28DA3600008D3160 /* ExampleTests - macOS.xctest */ = {isa = PBXFileReference; explicitFileType = wrapper.cfbundle; includeInIndex = 0; path = "ExampleTests - macOS.xctest"; sourceTree = BUILT_PRODUCTS_DIR; };
		1936319928DA3602008D3160 /* ExampleUITests - macOS.xctest */ = {isa = PBXFileReference; explicitFileType = wrapper.cfbundle; includeInIndex = 0; path = "ExampleUITests - macOS.xctest"; sourceTree = BUILT_PRODUCTS_DIR; };
		193631AA28DB7B9B008D3160 /* Snapshot.swift */ = {isa = PBXFileReference; lastKnownFileType = sourcecode.swift; path = Snapshot.swift; sourceTree = "<group>"; };
		193631B328DC8E50008D3160 /* Screenshot.app */ = {isa = PBXFileReference; explicitFileType = wrapper.application; includeInIndex = 0; path = Screenshot.app; sourceTree = BUILT_PRODUCTS_DIR; };
		193631B528DC8E50008D3160 /* ScreenshotApp.swift */ = {isa = PBXFileReference; lastKnownFileType = sourcecode.swift; path = ScreenshotApp.swift; sourceTree = "<group>"; };
		193631B928DC8E51008D3160 /* Assets.xcassets */ = {isa = PBXFileReference; lastKnownFileType = folder.assetcatalog; path = Assets.xcassets; sourceTree = "<group>"; };
		193631BC28DC8E51008D3160 /* Preview Assets.xcassets */ = {isa = PBXFileReference; lastKnownFileType = folder.assetcatalog; path = "Preview Assets.xcassets"; sourceTree = "<group>"; };
		193631BE28DC8E51008D3160 /* Screenshot.entitlements */ = {isa = PBXFileReference; lastKnownFileType = text.plist.entitlements; path = Screenshot.entitlements; sourceTree = "<group>"; };
		1944E1A228E089D300BF7F95 /* Chronometer.xcframework */ = {isa = PBXFileReference; lastKnownFileType = wrapper.xcframework; name = Chronometer.xcframework; path = Pods/Chronometer/Chronometer.xcframework; sourceTree = "<group>"; };
		197B412E28DA273A009D012C /* Example.app */ = {isa = PBXFileReference; explicitFileType = wrapper.application; includeInIndex = 0; path = Example.app; sourceTree = BUILT_PRODUCTS_DIR; };
		197B413128DA273A009D012C /* ExampleApp.swift */ = {isa = PBXFileReference; lastKnownFileType = sourcecode.swift; path = ExampleApp.swift; sourceTree = "<group>"; };
		197B413328DA273A009D012C /* ContentView.swift */ = {isa = PBXFileReference; lastKnownFileType = sourcecode.swift; path = ContentView.swift; sourceTree = "<group>"; };
		197B413528DA273B009D012C /* Assets.xcassets */ = {isa = PBXFileReference; lastKnownFileType = folder.assetcatalog; path = Assets.xcassets; sourceTree = "<group>"; };
		197B413728DA273B009D012C /* Example.entitlements */ = {isa = PBXFileReference; lastKnownFileType = text.plist.entitlements; path = Example.entitlements; sourceTree = "<group>"; };
		197B413928DA273B009D012C /* Preview Assets.xcassets */ = {isa = PBXFileReference; lastKnownFileType = folder.assetcatalog; path = "Preview Assets.xcassets"; sourceTree = "<group>"; };
		197B413F28DA273B009D012C /* ExampleTests - iOS.xctest */ = {isa = PBXFileReference; explicitFileType = wrapper.cfbundle; includeInIndex = 0; path = "ExampleTests - iOS.xctest"; sourceTree = BUILT_PRODUCTS_DIR; };
		197B414328DA273B009D012C /* ExampleTests.swift */ = {isa = PBXFileReference; lastKnownFileType = sourcecode.swift; path = ExampleTests.swift; sourceTree = "<group>"; };
		197B414928DA273B009D012C /* ExampleUITests - iOS.xctest */ = {isa = PBXFileReference; explicitFileType = wrapper.cfbundle; includeInIndex = 0; path = "ExampleUITests - iOS.xctest"; sourceTree = BUILT_PRODUCTS_DIR; };
		197B414D28DA273B009D012C /* ExampleUITests.swift */ = {isa = PBXFileReference; lastKnownFileType = sourcecode.swift; path = ExampleUITests.swift; sourceTree = "<group>"; };
		197B414F28DA273B009D012C /* ExampleUITestsLaunchTests.swift */ = {isa = PBXFileReference; lastKnownFileType = sourcecode.swift; path = ExampleUITestsLaunchTests.swift; sourceTree = "<group>"; };
		197B415C28DA2821009D012C /* DeviceInfo.swift */ = {isa = PBXFileReference; fileEncoding = 4; lastKnownFileType = sourcecode.swift; path = DeviceInfo.swift; sourceTree = "<group>"; };
		197B415D28DA2821009D012C /* ContentViewModel.swift */ = {isa = PBXFileReference; fileEncoding = 4; lastKnownFileType = sourcecode.swift; path = ContentViewModel.swift; sourceTree = "<group>"; };
		1E6B1FEC7903C75DD87BB01B /* Pods_iOS_Example___iOS.framework */ = {isa = PBXFileReference; explicitFileType = wrapper.framework; includeInIndex = 0; path = "Pods_iOS_Example___iOS.framework"; sourceTree = BUILT_PRODUCTS_DIR; };
		1F33CC967F81D83B43A3BE37 /* Pods-ExampleTests - iOS.debug.xcconfig */ = {isa = PBXFileReference; includeInIndex = 1; lastKnownFileType = text.xcconfig; name = "Pods-ExampleTests - iOS.debug.xcconfig"; path = "Target Support Files/Pods-ExampleTests - iOS/Pods-ExampleTests - iOS.debug.xcconfig"; sourceTree = "<group>"; };
		2A9ECDF1B3DB402719DB89AB /* Pods-iOS-Example - iOS.debug.xcconfig */ = {isa = PBXFileReference; includeInIndex = 1; lastKnownFileType = text.xcconfig; name = "Pods-iOS-Example - iOS.debug.xcconfig"; path = "Target Support Files/Pods-iOS-Example - iOS/Pods-iOS-Example - iOS.debug.xcconfig"; sourceTree = "<group>"; };
		2E3575F5E2F11B00CFE46853 /* Pods_ExampleTests___macOS.framework */ = {isa = PBXFileReference; explicitFileType = wrapper.framework; includeInIndex = 0; path = "Pods_ExampleTests___macOS.framework"; sourceTree = BUILT_PRODUCTS_DIR; };
		427D9CE6DDD2D20748729C1D /* Pods-macOS-Example - macOS-ExampleUITests - macOS.debug.xcconfig */ = {isa = PBXFileReference; includeInIndex = 1; lastKnownFileType = text.xcconfig; name = "Pods-macOS-Example - macOS-ExampleUITests - macOS.debug.xcconfig"; path = "Target Support Files/Pods-macOS-Example - macOS-ExampleUITests - macOS/Pods-macOS-Example - macOS-ExampleUITests - macOS.debug.xcconfig"; sourceTree = "<group>"; };
		46BC2A8BA366F27632B27DD4 /* Pods_iOS_Example___iOS_ExampleUITests___iOS.framework */ = {isa = PBXFileReference; explicitFileType = wrapper.framework; includeInIndex = 0; path = "Pods_iOS_Example___iOS_ExampleUITests___iOS.framework"; sourceTree = BUILT_PRODUCTS_DIR; };
		491F2C7913CEDAD02CA23B8D /* Pods_macOS_Example___macOS.framework */ = {isa = PBXFileReference; explicitFileType = wrapper.framework; includeInIndex = 0; path = "Pods_macOS_Example___macOS.framework"; sourceTree = BUILT_PRODUCTS_DIR; };
		6A9B93CC17D7F51A2D585DE6 /* Pods-iOS-Example - iOS-ExampleUITests - iOS.debug.xcconfig */ = {isa = PBXFileReference; includeInIndex = 1; lastKnownFileType = text.xcconfig; name = "Pods-iOS-Example - iOS-ExampleUITests - iOS.debug.xcconfig"; path = "Target Support Files/Pods-iOS-Example - iOS-ExampleUITests - iOS/Pods-iOS-Example - iOS-ExampleUITests - iOS.debug.xcconfig"; sourceTree = "<group>"; };
		8C31FC2D4817FAD229A323B9 /* Pods-ExampleTests - iOS.release.xcconfig */ = {isa = PBXFileReference; includeInIndex = 1; lastKnownFileType = text.xcconfig; name = "Pods-ExampleTests - iOS.release.xcconfig"; path = "Target Support Files/Pods-ExampleTests - iOS/Pods-ExampleTests - iOS.release.xcconfig"; sourceTree = "<group>"; };
		9F4C7CAE3167FA3E297D438F /* Pods-macOS-Example - macOS.release.xcconfig */ = {isa = PBXFileReference; includeInIndex = 1; lastKnownFileType = text.xcconfig; name = "Pods-macOS-Example - macOS.release.xcconfig"; path = "Target Support Files/Pods-macOS-Example - macOS/Pods-macOS-Example - macOS.release.xcconfig"; sourceTree = "<group>"; };
		A49B76BE4B5114730ABBD6E5 /* Pods-ExampleTests - macOS.release.xcconfig */ = {isa = PBXFileReference; includeInIndex = 1; lastKnownFileType = text.xcconfig; name = "Pods-ExampleTests - macOS.release.xcconfig"; path = "Target Support Files/Pods-ExampleTests - macOS/Pods-ExampleTests - macOS.release.xcconfig"; sourceTree = "<group>"; };
		AA7E3ABADF84F24B34E8B994 /* Pods_macOS_Example___macOS_ExampleUITests___macOS.framework */ = {isa = PBXFileReference; explicitFileType = wrapper.framework; includeInIndex = 0; path = "Pods_macOS_Example___macOS_ExampleUITests___macOS.framework"; sourceTree = BUILT_PRODUCTS_DIR; };
		AE116780A48A277D38602A45 /* Pods-iOS-Example - iOS-ExampleUITests - iOS.release.xcconfig */ = {isa = PBXFileReference; includeInIndex = 1; lastKnownFileType = text.xcconfig; name = "Pods-iOS-Example - iOS-ExampleUITests - iOS.release.xcconfig"; path = "Target Support Files/Pods-iOS-Example - iOS-ExampleUITests - iOS/Pods-iOS-Example - iOS-ExampleUITests - iOS.release.xcconfig"; sourceTree = "<group>"; };
		AE305078BEE9F8E2E8A1274C /* Pods-macOS-Example - macOS-Screenshot.debug.xcconfig */ = {isa = PBXFileReference; includeInIndex = 1; lastKnownFileType = text.xcconfig; name = "Pods-macOS-Example - macOS-Screenshot.debug.xcconfig"; path = "Target Support Files/Pods-macOS-Example - macOS-Screenshot/Pods-macOS-Example - macOS-Screenshot.debug.xcconfig"; sourceTree = "<group>"; };
		C4933AAE13DB4CA1B2B0C772 /* Pods-iOS-Example - iOS.release.xcconfig */ = {isa = PBXFileReference; includeInIndex = 1; lastKnownFileType = text.xcconfig; name = "Pods-iOS-Example - iOS.release.xcconfig"; path = "Target Support Files/Pods-iOS-Example - iOS/Pods-iOS-Example - iOS.release.xcconfig"; sourceTree = "<group>"; };
		DE584D07D9536FAEE65118C1 /* Pods-macOS-Example - macOS-ExampleUITests - macOS.release.xcconfig */ = {isa = PBXFileReference; includeInIndex = 1; lastKnownFileType = text.xcconfig; name = "Pods-macOS-Example - macOS-ExampleUITests - macOS.release.xcconfig"; path = "Target Support Files/Pods-macOS-Example - macOS-ExampleUITests - macOS/Pods-macOS-Example - macOS-ExampleUITests - macOS.release.xcconfig"; sourceTree = "<group>"; };
		DF9B495850F6318D7529441A /* Pods-macOS-Example - macOS-Screenshot.release.xcconfig */ = {isa = PBXFileReference; includeInIndex = 1; lastKnownFileType = text.xcconfig; name = "Pods-macOS-Example - macOS-Screenshot.release.xcconfig"; path = "Target Support Files/Pods-macOS-Example - macOS-Screenshot/Pods-macOS-Example - macOS-Screenshot.release.xcconfig"; sourceTree = "<group>"; };
		E71279CA6B9B29C23FE8CF91 /* Pods_ExampleTests___iOS.framework */ = {isa = PBXFileReference; explicitFileType = wrapper.framework; includeInIndex = 0; path = "Pods_ExampleTests___iOS.framework"; sourceTree = BUILT_PRODUCTS_DIR; };
		F1B6257718A3832954FC4CFC /* Pods-macOS-Example - macOS.debug.xcconfig */ = {isa = PBXFileReference; includeInIndex = 1; lastKnownFileType = text.xcconfig; name = "Pods-macOS-Example - macOS.debug.xcconfig"; path = "Target Support Files/Pods-macOS-Example - macOS/Pods-macOS-Example - macOS.debug.xcconfig"; sourceTree = "<group>"; };
/* End PBXFileReference section */

/* Begin PBXFrameworksBuildPhase section */
		1936317628DA34F3008D3160 /* Frameworks */ = {
			isa = PBXFrameworksBuildPhase;
			buildActionMask = 2147483647;
			files = (
				1944E1A628E089DA00BF7F95 /* Chronometer.xcframework in Frameworks */,
				47814861D38C6744452C9A27 /* Pods_macOS_Example___macOS.framework in Frameworks */,
			);
			runOnlyForDeploymentPostprocessing = 0;
		};
		1936318528DA3600008D3160 /* Frameworks */ = {
			isa = PBXFrameworksBuildPhase;
			buildActionMask = 2147483647;
			files = (
				0B6CAD3E9ECB7735663342C6 /* Pods_ExampleTests___macOS.framework in Frameworks */,
			);
			runOnlyForDeploymentPostprocessing = 0;
		};
		1936319328DA3602008D3160 /* Frameworks */ = {
			isa = PBXFrameworksBuildPhase;
			buildActionMask = 2147483647;
			files = (
				DD185B0D2C50EC8AC990286D /* Pods_macOS_Example___macOS_ExampleUITests___macOS.framework in Frameworks */,
			);
			runOnlyForDeploymentPostprocessing = 0;
		};
		193631B028DC8E50008D3160 /* Frameworks */ = {
			isa = PBXFrameworksBuildPhase;
			buildActionMask = 2147483647;
			files = (
				1944E1A928E089E100BF7F95 /* Chronometer.xcframework in Frameworks */,
				CF7248B19A3267C7F6F58219 /* Pods_macOS_Example___macOS_Screenshot.framework in Frameworks */,
			);
			runOnlyForDeploymentPostprocessing = 0;
		};
		197B412B28DA273A009D012C /* Frameworks */ = {
			isa = PBXFrameworksBuildPhase;
			buildActionMask = 2147483647;
			files = (
				1944E1A328E089D300BF7F95 /* Chronometer.xcframework in Frameworks */,
				45D1A6C55683401C7ED65744 /* Pods_iOS_Example___iOS.framework in Frameworks */,
			);
			runOnlyForDeploymentPostprocessing = 0;
		};
		197B413C28DA273B009D012C /* Frameworks */ = {
			isa = PBXFrameworksBuildPhase;
			buildActionMask = 2147483647;
			files = (
				335163D79E1F2208C7BC9985 /* Pods_ExampleTests___iOS.framework in Frameworks */,
			);
			runOnlyForDeploymentPostprocessing = 0;
		};
		197B414628DA273B009D012C /* Frameworks */ = {
			isa = PBXFrameworksBuildPhase;
			buildActionMask = 2147483647;
			files = (
				6DEA9FA0E931475447E06497 /* Pods_iOS_Example___iOS_ExampleUITests___iOS.framework in Frameworks */,
			);
			runOnlyForDeploymentPostprocessing = 0;
		};
/* End PBXFrameworksBuildPhase section */

/* Begin PBXGroup section */
		193631B428DC8E50008D3160 /* Screenshot */ = {
			isa = PBXGroup;
			children = (
				193631BB28DC8E51008D3160 /* Preview Content */,
				193631B928DC8E51008D3160 /* Assets.xcassets */,
				193631BE28DC8E51008D3160 /* Screenshot.entitlements */,
				193631B528DC8E50008D3160 /* ScreenshotApp.swift */,
				193631AA28DB7B9B008D3160 /* Snapshot.swift */,
			);
			path = Screenshot;
			sourceTree = "<group>";
		};
		193631BB28DC8E51008D3160 /* Preview Content */ = {
			isa = PBXGroup;
			children = (
				193631BC28DC8E51008D3160 /* Preview Assets.xcassets */,
			);
			path = "Preview Content";
			sourceTree = "<group>";
		};
		197B412528DA273A009D012C = {
			isa = PBXGroup;
			children = (
				197B413028DA273A009D012C /* Example */,
				197B414228DA273B009D012C /* ExampleTests */,
				197B414C28DA273B009D012C /* ExampleUITests */,
				193631B428DC8E50008D3160 /* Screenshot */,
				197B412F28DA273A009D012C /* Products */,
				241BC65F06BC35EBC96D3F79 /* Pods */,
				D8954D5A56E27D97A7B4CE80 /* Frameworks */,
			);
			sourceTree = "<group>";
		};
		197B412F28DA273A009D012C /* Products */ = {
			isa = PBXGroup;
			children = (
				197B412E28DA273A009D012C /* Example.app */,
				197B413F28DA273B009D012C /* ExampleTests - iOS.xctest */,
				197B414928DA273B009D012C /* ExampleUITests - iOS.xctest */,
				1936317E28DA34F3008D3160 /* Example.app */,
				1936318B28DA3600008D3160 /* ExampleTests - macOS.xctest */,
				1936319928DA3602008D3160 /* ExampleUITests - macOS.xctest */,
				193631B328DC8E50008D3160 /* Screenshot.app */,
			);
			name = Products;
			sourceTree = "<group>";
		};
		197B413028DA273A009D012C /* Example */ = {
			isa = PBXGroup;
			children = (
				197B413828DA273B009D012C /* Preview Content */,
				197B413528DA273B009D012C /* Assets.xcassets */,
				197B413328DA273A009D012C /* ContentView.swift */,
				197B415D28DA2821009D012C /* ContentViewModel.swift */,
				197B415C28DA2821009D012C /* DeviceInfo.swift */,
				197B413728DA273B009D012C /* Example.entitlements */,
				197B413128DA273A009D012C /* ExampleApp.swift */,
			);
			path = Example;
			sourceTree = "<group>";
		};
		197B413828DA273B009D012C /* Preview Content */ = {
			isa = PBXGroup;
			children = (
				197B413928DA273B009D012C /* Preview Assets.xcassets */,
			);
			path = "Preview Content";
			sourceTree = "<group>";
		};
		197B414228DA273B009D012C /* ExampleTests */ = {
			isa = PBXGroup;
			children = (
				197B414328DA273B009D012C /* ExampleTests.swift */,
			);
			path = ExampleTests;
			sourceTree = "<group>";
		};
		197B414C28DA273B009D012C /* ExampleUITests */ = {
			isa = PBXGroup;
			children = (
				197B414D28DA273B009D012C /* ExampleUITests.swift */,
				197B414F28DA273B009D012C /* ExampleUITestsLaunchTests.swift */,
			);
			path = ExampleUITests;
			sourceTree = "<group>";
		};
		241BC65F06BC35EBC96D3F79 /* Pods */ = {
			isa = PBXGroup;
			children = (
				1F33CC967F81D83B43A3BE37 /* Pods-ExampleTests - iOS.debug.xcconfig */,
				8C31FC2D4817FAD229A323B9 /* Pods-ExampleTests - iOS.release.xcconfig */,
				10B7EB02B42E3F1BA55FE7EA /* Pods-ExampleTests - macOS.debug.xcconfig */,
				A49B76BE4B5114730ABBD6E5 /* Pods-ExampleTests - macOS.release.xcconfig */,
				2A9ECDF1B3DB402719DB89AB /* Pods-iOS-Example - iOS.debug.xcconfig */,
				C4933AAE13DB4CA1B2B0C772 /* Pods-iOS-Example - iOS.release.xcconfig */,
				6A9B93CC17D7F51A2D585DE6 /* Pods-iOS-Example - iOS-ExampleUITests - iOS.debug.xcconfig */,
				AE116780A48A277D38602A45 /* Pods-iOS-Example - iOS-ExampleUITests - iOS.release.xcconfig */,
				F1B6257718A3832954FC4CFC /* Pods-macOS-Example - macOS.debug.xcconfig */,
				9F4C7CAE3167FA3E297D438F /* Pods-macOS-Example - macOS.release.xcconfig */,
				427D9CE6DDD2D20748729C1D /* Pods-macOS-Example - macOS-ExampleUITests - macOS.debug.xcconfig */,
				DE584D07D9536FAEE65118C1 /* Pods-macOS-Example - macOS-ExampleUITests - macOS.release.xcconfig */,
				AE305078BEE9F8E2E8A1274C /* Pods-macOS-Example - macOS-Screenshot.debug.xcconfig */,
				DF9B495850F6318D7529441A /* Pods-macOS-Example - macOS-Screenshot.release.xcconfig */,
			);
			path = Pods;
			sourceTree = "<group>";
		};
		D8954D5A56E27D97A7B4CE80 /* Frameworks */ = {
			isa = PBXGroup;
			children = (
				1944E1A228E089D300BF7F95 /* Chronometer.xcframework */,
				E71279CA6B9B29C23FE8CF91 /* Pods_ExampleTests___iOS.framework */,
				2E3575F5E2F11B00CFE46853 /* Pods_ExampleTests___macOS.framework */,
				1E6B1FEC7903C75DD87BB01B /* Pods_iOS_Example___iOS.framework */,
				46BC2A8BA366F27632B27DD4 /* Pods_iOS_Example___iOS_ExampleUITests___iOS.framework */,
				491F2C7913CEDAD02CA23B8D /* Pods_macOS_Example___macOS.framework */,
				AA7E3ABADF84F24B34E8B994 /* Pods_macOS_Example___macOS_ExampleUITests___macOS.framework */,
				06A7CBC44087C7245C7712D1 /* Pods_macOS_Example___macOS_Screenshot.framework */,
			);
			name = Frameworks;
			sourceTree = "<group>";
		};
/* End PBXGroup section */

/* Begin PBXNativeTarget section */
		1936316F28DA34F3008D3160 /* Example - macOS */ = {
			isa = PBXNativeTarget;
			buildConfigurationList = 1936317B28DA34F3008D3160 /* Build configuration list for PBXNativeTarget "Example - macOS" */;
			buildPhases = (
				3348370F089607F5D710FC37 /* [CP] Check Pods Manifest.lock */,
				1936317128DA34F3008D3160 /* Sources */,
				1936317628DA34F3008D3160 /* Frameworks */,
				1936317828DA34F3008D3160 /* Resources */,
				1944E1A828E089DB00BF7F95 /* Embed Frameworks */,
			);
			buildRules = (
			);
			dependencies = (
			);
			name = "Example - macOS";
			productName = Example;
			productReference = 1936317E28DA34F3008D3160 /* Example.app */;
			productType = "com.apple.product-type.application";
		};
		1936317F28DA3600008D3160 /* ExampleTests - macOS */ = {
			isa = PBXNativeTarget;
			buildConfigurationList = 1936318828DA3600008D3160 /* Build configuration list for PBXNativeTarget "ExampleTests - macOS" */;
			buildPhases = (
				12B0CB6F8BF74E99119BE711 /* [CP] Check Pods Manifest.lock */,
				1936318328DA3600008D3160 /* Sources */,
				1936318528DA3600008D3160 /* Frameworks */,
				1936318728DA3600008D3160 /* Resources */,
			);
			buildRules = (
			);
			dependencies = (
				193631A628DA4C4B008D3160 /* PBXTargetDependency */,
			);
			name = "ExampleTests - macOS";
			productName = ExampleTests;
			productReference = 1936318B28DA3600008D3160 /* ExampleTests - macOS.xctest */;
			productType = "com.apple.product-type.bundle.unit-test";
		};
		1936318C28DA3602008D3160 /* ExampleUITests - macOS */ = {
			isa = PBXNativeTarget;
			buildConfigurationList = 1936319628DA3602008D3160 /* Build configuration list for PBXNativeTarget "ExampleUITests - macOS" */;
			buildPhases = (
				870B43979583C92A86E564D3 /* [CP] Check Pods Manifest.lock */,
				1936319028DA3602008D3160 /* Sources */,
				1936319328DA3602008D3160 /* Frameworks */,
				1936319528DA3602008D3160 /* Resources */,
			);
			buildRules = (
			);
			dependencies = (
				193631A428DA4C48008D3160 /* PBXTargetDependency */,
			);
			name = "ExampleUITests - macOS";
			productName = ExampleUITests;
			productReference = 1936319928DA3602008D3160 /* ExampleUITests - macOS.xctest */;
			productType = "com.apple.product-type.bundle.ui-testing";
		};
		193631B228DC8E50008D3160 /* Screenshot */ = {
			isa = PBXNativeTarget;
			buildConfigurationList = 193631D528DC8E52008D3160 /* Build configuration list for PBXNativeTarget "Screenshot" */;
			buildPhases = (
				C66CF37C93B1E2E35CFADD41 /* [CP] Check Pods Manifest.lock */,
				193631AF28DC8E50008D3160 /* Sources */,
				193631B028DC8E50008D3160 /* Frameworks */,
				193631B128DC8E50008D3160 /* Resources */,
				1944E1AB28E089E200BF7F95 /* Embed Frameworks */,
			);
			buildRules = (
			);
			dependencies = (
			);
			name = Screenshot;
			productName = Screenshot;
			productReference = 193631B328DC8E50008D3160 /* Screenshot.app */;
			productType = "com.apple.product-type.application";
		};
		197B412D28DA273A009D012C /* Example - iOS */ = {
			isa = PBXNativeTarget;
			buildConfigurationList = 197B415328DA273B009D012C /* Build configuration list for PBXNativeTarget "Example - iOS" */;
			buildPhases = (
				A57D65D0DA4C85A4BDA76A91 /* [CP] Check Pods Manifest.lock */,
				197B412A28DA273A009D012C /* Sources */,
				197B412B28DA273A009D012C /* Frameworks */,
				197B412C28DA273A009D012C /* Resources */,
				1944E1A528E089D300BF7F95 /* Embed Frameworks */,
			);
			buildRules = (
			);
			dependencies = (
			);
			name = "Example - iOS";
			productName = Example;
			productReference = 197B412E28DA273A009D012C /* Example.app */;
			productType = "com.apple.product-type.application";
		};
		197B413E28DA273B009D012C /* ExampleTests - iOS */ = {
			isa = PBXNativeTarget;
			buildConfigurationList = 197B415628DA273B009D012C /* Build configuration list for PBXNativeTarget "ExampleTests - iOS" */;
			buildPhases = (
				2B1F4A5D89382A8790121599 /* [CP] Check Pods Manifest.lock */,
				197B413B28DA273B009D012C /* Sources */,
				197B413C28DA273B009D012C /* Frameworks */,
				197B413D28DA273B009D012C /* Resources */,
			);
			buildRules = (
			);
			dependencies = (
				197B414128DA273B009D012C /* PBXTargetDependency */,
			);
			name = "ExampleTests - iOS";
			productName = ExampleTests;
			productReference = 197B413F28DA273B009D012C /* ExampleTests - iOS.xctest */;
			productType = "com.apple.product-type.bundle.unit-test";
		};
		197B414828DA273B009D012C /* ExampleUITests - iOS */ = {
			isa = PBXNativeTarget;
			buildConfigurationList = 197B415928DA273B009D012C /* Build configuration list for PBXNativeTarget "ExampleUITests - iOS" */;
			buildPhases = (
				584A16B9F566DC96275345C0 /* [CP] Check Pods Manifest.lock */,
				197B414528DA273B009D012C /* Sources */,
				197B414628DA273B009D012C /* Frameworks */,
				197B414728DA273B009D012C /* Resources */,
			);
			buildRules = (
			);
			dependencies = (
				197B414B28DA273B009D012C /* PBXTargetDependency */,
			);
			name = "ExampleUITests - iOS";
			productName = ExampleUITests;
			productReference = 197B414928DA273B009D012C /* ExampleUITests - iOS.xctest */;
			productType = "com.apple.product-type.bundle.ui-testing";
		};
/* End PBXNativeTarget section */

/* Begin PBXProject section */
		197B412628DA273A009D012C /* Project object */ = {
			isa = PBXProject;
			attributes = {
				BuildIndependentTargetsInParallel = 1;
				LastSwiftUpdateCheck = 1340;
				LastUpgradeCheck = 1400;
				TargetAttributes = {
					1936317F28DA3600008D3160 = {
						TestTargetID = 1936316F28DA34F3008D3160;
					};
					1936318C28DA3602008D3160 = {
						TestTargetID = 1936316F28DA34F3008D3160;
					};
					193631B228DC8E50008D3160 = {
						CreatedOnToolsVersion = 13.4.1;
					};
					197B412D28DA273A009D012C = {
						CreatedOnToolsVersion = 14.0;
					};
					197B413E28DA273B009D012C = {
						CreatedOnToolsVersion = 14.0;
						TestTargetID = 197B412D28DA273A009D012C;
					};
					197B414828DA273B009D012C = {
						CreatedOnToolsVersion = 14.0;
						TestTargetID = 197B412D28DA273A009D012C;
					};
				};
			};
			buildConfigurationList = 197B412928DA273A009D012C /* Build configuration list for PBXProject "Example" */;
			compatibilityVersion = "Xcode 13.0";
			developmentRegion = en;
			hasScannedForEncodings = 0;
			knownRegions = (
				en,
				Base,
			);
			mainGroup = 197B412528DA273A009D012C;
			productRefGroup = 197B412F28DA273A009D012C /* Products */;
			projectDirPath = "";
			projectRoot = "";
			targets = (
				197B412D28DA273A009D012C /* Example - iOS */,
				197B413E28DA273B009D012C /* ExampleTests - iOS */,
				197B414828DA273B009D012C /* ExampleUITests - iOS */,
				1936316F28DA34F3008D3160 /* Example - macOS */,
				1936317F28DA3600008D3160 /* ExampleTests - macOS */,
				1936318C28DA3602008D3160 /* ExampleUITests - macOS */,
				193631B228DC8E50008D3160 /* Screenshot */,
			);
		};
/* End PBXProject section */

/* Begin PBXResourcesBuildPhase section */
		1936317828DA34F3008D3160 /* Resources */ = {
			isa = PBXResourcesBuildPhase;
			buildActionMask = 2147483647;
			files = (
				1936317928DA34F3008D3160 /* Preview Assets.xcassets in Resources */,
				1936317A28DA34F3008D3160 /* Assets.xcassets in Resources */,
			);
			runOnlyForDeploymentPostprocessing = 0;
		};
		1936318728DA3600008D3160 /* Resources */ = {
			isa = PBXResourcesBuildPhase;
			buildActionMask = 2147483647;
			files = (
			);
			runOnlyForDeploymentPostprocessing = 0;
		};
		1936319528DA3602008D3160 /* Resources */ = {
			isa = PBXResourcesBuildPhase;
			buildActionMask = 2147483647;
			files = (
			);
			runOnlyForDeploymentPostprocessing = 0;
		};
		193631B128DC8E50008D3160 /* Resources */ = {
			isa = PBXResourcesBuildPhase;
			buildActionMask = 2147483647;
			files = (
				193631BD28DC8E51008D3160 /* Preview Assets.xcassets in Resources */,
				193631BA28DC8E51008D3160 /* Assets.xcassets in Resources */,
			);
			runOnlyForDeploymentPostprocessing = 0;
		};
		197B412C28DA273A009D012C /* Resources */ = {
			isa = PBXResourcesBuildPhase;
			buildActionMask = 2147483647;
			files = (
				197B413A28DA273B009D012C /* Preview Assets.xcassets in Resources */,
				197B413628DA273B009D012C /* Assets.xcassets in Resources */,
			);
			runOnlyForDeploymentPostprocessing = 0;
		};
		197B413D28DA273B009D012C /* Resources */ = {
			isa = PBXResourcesBuildPhase;
			buildActionMask = 2147483647;
			files = (
			);
			runOnlyForDeploymentPostprocessing = 0;
		};
		197B414728DA273B009D012C /* Resources */ = {
			isa = PBXResourcesBuildPhase;
			buildActionMask = 2147483647;
			files = (
			);
			runOnlyForDeploymentPostprocessing = 0;
		};
/* End PBXResourcesBuildPhase section */

/* Begin PBXShellScriptBuildPhase section */
		12B0CB6F8BF74E99119BE711 /* [CP] Check Pods Manifest.lock */ = {
			isa = PBXShellScriptBuildPhase;
			buildActionMask = 2147483647;
			files = (
			);
			inputFileListPaths = (
			);
			inputPaths = (
				"${PODS_PODFILE_DIR_PATH}/Podfile.lock",
				"${PODS_ROOT}/Manifest.lock",
			);
			name = "[CP] Check Pods Manifest.lock";
			outputFileListPaths = (
			);
			outputPaths = (
				"$(DERIVED_FILE_DIR)/Pods-ExampleTests - macOS-checkManifestLockResult.txt",
			);
			runOnlyForDeploymentPostprocessing = 0;
			shellPath = /bin/sh;
			shellScript = "diff \"${PODS_PODFILE_DIR_PATH}/Podfile.lock\" \"${PODS_ROOT}/Manifest.lock\" > /dev/null\nif [ $? != 0 ] ; then\n    # print error to STDERR\n    echo \"error: The sandbox is not in sync with the Podfile.lock. Run 'pod install' or update your CocoaPods installation.\" >&2\n    exit 1\nfi\n# This output is used by Xcode 'outputs' to avoid re-running this script phase.\necho \"SUCCESS\" > \"${SCRIPT_OUTPUT_FILE_0}\"\n";
			showEnvVarsInLog = 0;
		};
		2B1F4A5D89382A8790121599 /* [CP] Check Pods Manifest.lock */ = {
			isa = PBXShellScriptBuildPhase;
			buildActionMask = 2147483647;
			files = (
			);
			inputFileListPaths = (
			);
			inputPaths = (
				"${PODS_PODFILE_DIR_PATH}/Podfile.lock",
				"${PODS_ROOT}/Manifest.lock",
			);
			name = "[CP] Check Pods Manifest.lock";
			outputFileListPaths = (
			);
			outputPaths = (
				"$(DERIVED_FILE_DIR)/Pods-ExampleTests - iOS-checkManifestLockResult.txt",
			);
			runOnlyForDeploymentPostprocessing = 0;
			shellPath = /bin/sh;
			shellScript = "diff \"${PODS_PODFILE_DIR_PATH}/Podfile.lock\" \"${PODS_ROOT}/Manifest.lock\" > /dev/null\nif [ $? != 0 ] ; then\n    # print error to STDERR\n    echo \"error: The sandbox is not in sync with the Podfile.lock. Run 'pod install' or update your CocoaPods installation.\" >&2\n    exit 1\nfi\n# This output is used by Xcode 'outputs' to avoid re-running this script phase.\necho \"SUCCESS\" > \"${SCRIPT_OUTPUT_FILE_0}\"\n";
			showEnvVarsInLog = 0;
		};
		3348370F089607F5D710FC37 /* [CP] Check Pods Manifest.lock */ = {
			isa = PBXShellScriptBuildPhase;
			buildActionMask = 2147483647;
			files = (
			);
			inputFileListPaths = (
			);
			inputPaths = (
				"${PODS_PODFILE_DIR_PATH}/Podfile.lock",
				"${PODS_ROOT}/Manifest.lock",
			);
			name = "[CP] Check Pods Manifest.lock";
			outputFileListPaths = (
			);
			outputPaths = (
				"$(DERIVED_FILE_DIR)/Pods-macOS-Example - macOS-checkManifestLockResult.txt",
			);
			runOnlyForDeploymentPostprocessing = 0;
			shellPath = /bin/sh;
			shellScript = "diff \"${PODS_PODFILE_DIR_PATH}/Podfile.lock\" \"${PODS_ROOT}/Manifest.lock\" > /dev/null\nif [ $? != 0 ] ; then\n    # print error to STDERR\n    echo \"error: The sandbox is not in sync with the Podfile.lock. Run 'pod install' or update your CocoaPods installation.\" >&2\n    exit 1\nfi\n# This output is used by Xcode 'outputs' to avoid re-running this script phase.\necho \"SUCCESS\" > \"${SCRIPT_OUTPUT_FILE_0}\"\n";
			showEnvVarsInLog = 0;
		};
		584A16B9F566DC96275345C0 /* [CP] Check Pods Manifest.lock */ = {
			isa = PBXShellScriptBuildPhase;
			buildActionMask = 2147483647;
			files = (
			);
			inputFileListPaths = (
			);
			inputPaths = (
				"${PODS_PODFILE_DIR_PATH}/Podfile.lock",
				"${PODS_ROOT}/Manifest.lock",
			);
			name = "[CP] Check Pods Manifest.lock";
			outputFileListPaths = (
			);
			outputPaths = (
				"$(DERIVED_FILE_DIR)/Pods-iOS-Example - iOS-ExampleUITests - iOS-checkManifestLockResult.txt",
			);
			runOnlyForDeploymentPostprocessing = 0;
			shellPath = /bin/sh;
			shellScript = "diff \"${PODS_PODFILE_DIR_PATH}/Podfile.lock\" \"${PODS_ROOT}/Manifest.lock\" > /dev/null\nif [ $? != 0 ] ; then\n    # print error to STDERR\n    echo \"error: The sandbox is not in sync with the Podfile.lock. Run 'pod install' or update your CocoaPods installation.\" >&2\n    exit 1\nfi\n# This output is used by Xcode 'outputs' to avoid re-running this script phase.\necho \"SUCCESS\" > \"${SCRIPT_OUTPUT_FILE_0}\"\n";
			showEnvVarsInLog = 0;
		};
		870B43979583C92A86E564D3 /* [CP] Check Pods Manifest.lock */ = {
			isa = PBXShellScriptBuildPhase;
			buildActionMask = 2147483647;
			files = (
			);
			inputFileListPaths = (
			);
			inputPaths = (
				"${PODS_PODFILE_DIR_PATH}/Podfile.lock",
				"${PODS_ROOT}/Manifest.lock",
			);
			name = "[CP] Check Pods Manifest.lock";
			outputFileListPaths = (
			);
			outputPaths = (
				"$(DERIVED_FILE_DIR)/Pods-macOS-Example - macOS-ExampleUITests - macOS-checkManifestLockResult.txt",
			);
			runOnlyForDeploymentPostprocessing = 0;
			shellPath = /bin/sh;
			shellScript = "diff \"${PODS_PODFILE_DIR_PATH}/Podfile.lock\" \"${PODS_ROOT}/Manifest.lock\" > /dev/null\nif [ $? != 0 ] ; then\n    # print error to STDERR\n    echo \"error: The sandbox is not in sync with the Podfile.lock. Run 'pod install' or update your CocoaPods installation.\" >&2\n    exit 1\nfi\n# This output is used by Xcode 'outputs' to avoid re-running this script phase.\necho \"SUCCESS\" > \"${SCRIPT_OUTPUT_FILE_0}\"\n";
			showEnvVarsInLog = 0;
		};
		A57D65D0DA4C85A4BDA76A91 /* [CP] Check Pods Manifest.lock */ = {
			isa = PBXShellScriptBuildPhase;
			buildActionMask = 2147483647;
			files = (
			);
			inputFileListPaths = (
			);
			inputPaths = (
				"${PODS_PODFILE_DIR_PATH}/Podfile.lock",
				"${PODS_ROOT}/Manifest.lock",
			);
			name = "[CP] Check Pods Manifest.lock";
			outputFileListPaths = (
			);
			outputPaths = (
				"$(DERIVED_FILE_DIR)/Pods-iOS-Example - iOS-checkManifestLockResult.txt",
			);
			runOnlyForDeploymentPostprocessing = 0;
			shellPath = /bin/sh;
			shellScript = "diff \"${PODS_PODFILE_DIR_PATH}/Podfile.lock\" \"${PODS_ROOT}/Manifest.lock\" > /dev/null\nif [ $? != 0 ] ; then\n    # print error to STDERR\n    echo \"error: The sandbox is not in sync with the Podfile.lock. Run 'pod install' or update your CocoaPods installation.\" >&2\n    exit 1\nfi\n# This output is used by Xcode 'outputs' to avoid re-running this script phase.\necho \"SUCCESS\" > \"${SCRIPT_OUTPUT_FILE_0}\"\n";
			showEnvVarsInLog = 0;
		};
		C66CF37C93B1E2E35CFADD41 /* [CP] Check Pods Manifest.lock */ = {
			isa = PBXShellScriptBuildPhase;
			buildActionMask = 2147483647;
			files = (
			);
			inputFileListPaths = (
			);
			inputPaths = (
				"${PODS_PODFILE_DIR_PATH}/Podfile.lock",
				"${PODS_ROOT}/Manifest.lock",
			);
			name = "[CP] Check Pods Manifest.lock";
			outputFileListPaths = (
			);
			outputPaths = (
				"$(DERIVED_FILE_DIR)/Pods-macOS-Example - macOS-Screenshot-checkManifestLockResult.txt",
			);
			runOnlyForDeploymentPostprocessing = 0;
			shellPath = /bin/sh;
			shellScript = "diff \"${PODS_PODFILE_DIR_PATH}/Podfile.lock\" \"${PODS_ROOT}/Manifest.lock\" > /dev/null\nif [ $? != 0 ] ; then\n    # print error to STDERR\n    echo \"error: The sandbox is not in sync with the Podfile.lock. Run 'pod install' or update your CocoaPods installation.\" >&2\n    exit 1\nfi\n# This output is used by Xcode 'outputs' to avoid re-running this script phase.\necho \"SUCCESS\" > \"${SCRIPT_OUTPUT_FILE_0}\"\n";
			showEnvVarsInLog = 0;
		};
/* End PBXShellScriptBuildPhase section */

/* Begin PBXSourcesBuildPhase section */
		1936317128DA34F3008D3160 /* Sources */ = {
			isa = PBXSourcesBuildPhase;
			buildActionMask = 2147483647;
			files = (
				1936317228DA34F3008D3160 /* ContentViewModel.swift in Sources */,
				1936317328DA34F3008D3160 /* ContentView.swift in Sources */,
				1936317428DA34F3008D3160 /* DeviceInfo.swift in Sources */,
				1936317528DA34F3008D3160 /* ExampleApp.swift in Sources */,
			);
			runOnlyForDeploymentPostprocessing = 0;
		};
		1936318328DA3600008D3160 /* Sources */ = {
			isa = PBXSourcesBuildPhase;
			buildActionMask = 2147483647;
			files = (
				1936319F28DA4893008D3160 /* ContentViewModel.swift in Sources */,
				1936318428DA3600008D3160 /* ExampleTests.swift in Sources */,
				1936319D28DA4866008D3160 /* ContentView.swift in Sources */,
				193631A128DA489B008D3160 /* DeviceInfo.swift in Sources */,
			);
			runOnlyForDeploymentPostprocessing = 0;
		};
		1936319028DA3602008D3160 /* Sources */ = {
			isa = PBXSourcesBuildPhase;
			buildActionMask = 2147483647;
			files = (
				1936319128DA3602008D3160 /* ExampleUITests.swift in Sources */,
				1936319228DA3602008D3160 /* ExampleUITestsLaunchTests.swift in Sources */,
			);
			runOnlyForDeploymentPostprocessing = 0;
		};
		193631AF28DC8E50008D3160 /* Sources */ = {
			isa = PBXSourcesBuildPhase;
			buildActionMask = 2147483647;
			files = (
				193631DF28DC8F35008D3160 /* ContentViewModel.swift in Sources */,
				193631B628DC8E50008D3160 /* ScreenshotApp.swift in Sources */,
				193631E128DC8F4B008D3160 /* Snapshot.swift in Sources */,
				193631DE28DC8F2A008D3160 /* ContentView.swift in Sources */,
				193631E028DC8F3B008D3160 /* DeviceInfo.swift in Sources */,
			);
			runOnlyForDeploymentPostprocessing = 0;
		};
		197B412A28DA273A009D012C /* Sources */ = {
			isa = PBXSourcesBuildPhase;
			buildActionMask = 2147483647;
			files = (
				197B415F28DA2821009D012C /* ContentViewModel.swift in Sources */,
				197B413428DA273A009D012C /* ContentView.swift in Sources */,
				197B415E28DA2821009D012C /* DeviceInfo.swift in Sources */,
				197B413228DA273A009D012C /* ExampleApp.swift in Sources */,
			);
			runOnlyForDeploymentPostprocessing = 0;
		};
		197B413B28DA273B009D012C /* Sources */ = {
			isa = PBXSourcesBuildPhase;
			buildActionMask = 2147483647;
			files = (
				193631A028DA4894008D3160 /* ContentViewModel.swift in Sources */,
				197B414428DA273B009D012C /* ExampleTests.swift in Sources */,
				1936319E28DA4867008D3160 /* ContentView.swift in Sources */,
				193631A228DA489C008D3160 /* DeviceInfo.swift in Sources */,
			);
			runOnlyForDeploymentPostprocessing = 0;
		};
		197B414528DA273B009D012C /* Sources */ = {
			isa = PBXSourcesBuildPhase;
			buildActionMask = 2147483647;
			files = (
				197B414E28DA273B009D012C /* ExampleUITests.swift in Sources */,
				197B415028DA273B009D012C /* ExampleUITestsLaunchTests.swift in Sources */,
			);
			runOnlyForDeploymentPostprocessing = 0;
		};
/* End PBXSourcesBuildPhase section */

/* Begin PBXTargetDependency section */
		193631A428DA4C48008D3160 /* PBXTargetDependency */ = {
			isa = PBXTargetDependency;
			target = 1936316F28DA34F3008D3160 /* Example - macOS */;
			targetProxy = 193631A328DA4C48008D3160 /* PBXContainerItemProxy */;
		};
		193631A628DA4C4B008D3160 /* PBXTargetDependency */ = {
			isa = PBXTargetDependency;
			target = 1936316F28DA34F3008D3160 /* Example - macOS */;
			targetProxy = 193631A528DA4C4B008D3160 /* PBXContainerItemProxy */;
		};
		197B414128DA273B009D012C /* PBXTargetDependency */ = {
			isa = PBXTargetDependency;
			target = 197B412D28DA273A009D012C /* Example - iOS */;
			targetProxy = 197B414028DA273B009D012C /* PBXContainerItemProxy */;
		};
		197B414B28DA273B009D012C /* PBXTargetDependency */ = {
			isa = PBXTargetDependency;
			target = 197B412D28DA273A009D012C /* Example - iOS */;
			targetProxy = 197B414A28DA273B009D012C /* PBXContainerItemProxy */;
		};
/* End PBXTargetDependency section */

/* Begin XCBuildConfiguration section */
		1936317C28DA34F3008D3160 /* Debug */ = {
			isa = XCBuildConfiguration;
			baseConfigurationReference = F1B6257718A3832954FC4CFC /* Pods-macOS-Example - macOS.debug.xcconfig */;
			buildSettings = {
				ASSETCATALOG_COMPILER_APPICON_NAME = AppIcon;
				ASSETCATALOG_COMPILER_GLOBAL_ACCENT_COLOR_NAME = AccentColor;
				CODE_SIGN_ENTITLEMENTS = Example/Example.entitlements;
				CODE_SIGN_IDENTITY = "Apple Development";
				CODE_SIGN_STYLE = Automatic;
				CURRENT_PROJECT_VERSION = 1;
				DEVELOPMENT_ASSET_PATHS = "\"Example/Preview Content\"";
				DEVELOPMENT_TEAM = "";
				ENABLE_HARDENED_RUNTIME = YES;
				ENABLE_PREVIEWS = YES;
				GENERATE_INFOPLIST_FILE = YES;
				INFOPLIST_FILE = "";
				"INFOPLIST_KEY_UIApplicationSceneManifest_Generation[sdk=iphoneos*]" = YES;
				"INFOPLIST_KEY_UIApplicationSceneManifest_Generation[sdk=iphonesimulator*]" = YES;
				"INFOPLIST_KEY_UIApplicationSupportsIndirectInputEvents[sdk=iphoneos*]" = YES;
				"INFOPLIST_KEY_UIApplicationSupportsIndirectInputEvents[sdk=iphonesimulator*]" = YES;
				"INFOPLIST_KEY_UILaunchScreen_Generation[sdk=iphoneos*]" = YES;
				"INFOPLIST_KEY_UILaunchScreen_Generation[sdk=iphonesimulator*]" = YES;
				"INFOPLIST_KEY_UIStatusBarStyle[sdk=iphoneos*]" = UIStatusBarStyleDefault;
				"INFOPLIST_KEY_UIStatusBarStyle[sdk=iphonesimulator*]" = UIStatusBarStyleDefault;
				INFOPLIST_KEY_UISupportedInterfaceOrientations_iPad = "UIInterfaceOrientationPortrait UIInterfaceOrientationPortraitUpsideDown UIInterfaceOrientationLandscapeLeft UIInterfaceOrientationLandscapeRight";
				INFOPLIST_KEY_UISupportedInterfaceOrientations_iPhone = "UIInterfaceOrientationPortrait UIInterfaceOrientationLandscapeLeft UIInterfaceOrientationLandscapeRight";
				IPHONEOS_DEPLOYMENT_TARGET = 15.0;
				LD_RUNPATH_SEARCH_PATHS = "@executable_path/Frameworks";
				"LD_RUNPATH_SEARCH_PATHS[sdk=macosx*]" = "@executable_path/../Frameworks";
				MACOSX_DEPLOYMENT_TARGET = 12.0;
				MARKETING_VERSION = 1.0.0;
				PRODUCT_BUNDLE_IDENTIFIER = "net.kk-systems.Chronometer.Example";
				PRODUCT_NAME = Example;
				SDKROOT = macosx;
				SUPPORTED_PLATFORMS = macosx;
				SWIFT_EMIT_LOC_STRINGS = YES;
				SWIFT_VERSION = 5.0;
				TARGETED_DEVICE_FAMILY = "1,2";
			};
			name = Debug;
		};
		1936317D28DA34F3008D3160 /* Release */ = {
			isa = XCBuildConfiguration;
			baseConfigurationReference = 9F4C7CAE3167FA3E297D438F /* Pods-macOS-Example - macOS.release.xcconfig */;
			buildSettings = {
				ASSETCATALOG_COMPILER_APPICON_NAME = AppIcon;
				ASSETCATALOG_COMPILER_GLOBAL_ACCENT_COLOR_NAME = AccentColor;
				CODE_SIGN_ENTITLEMENTS = Example/Example.entitlements;
				CODE_SIGN_IDENTITY = "Apple Development";
				CODE_SIGN_STYLE = Automatic;
				CURRENT_PROJECT_VERSION = 1;
				DEVELOPMENT_ASSET_PATHS = "\"Example/Preview Content\"";
				DEVELOPMENT_TEAM = "";
				ENABLE_HARDENED_RUNTIME = YES;
				ENABLE_PREVIEWS = YES;
				GENERATE_INFOPLIST_FILE = YES;
				INFOPLIST_FILE = "";
				"INFOPLIST_KEY_UIApplicationSceneManifest_Generation[sdk=iphoneos*]" = YES;
				"INFOPLIST_KEY_UIApplicationSceneManifest_Generation[sdk=iphonesimulator*]" = YES;
				"INFOPLIST_KEY_UIApplicationSupportsIndirectInputEvents[sdk=iphoneos*]" = YES;
				"INFOPLIST_KEY_UIApplicationSupportsIndirectInputEvents[sdk=iphonesimulator*]" = YES;
				"INFOPLIST_KEY_UILaunchScreen_Generation[sdk=iphoneos*]" = YES;
				"INFOPLIST_KEY_UILaunchScreen_Generation[sdk=iphonesimulator*]" = YES;
				"INFOPLIST_KEY_UIStatusBarStyle[sdk=iphoneos*]" = UIStatusBarStyleDefault;
				"INFOPLIST_KEY_UIStatusBarStyle[sdk=iphonesimulator*]" = UIStatusBarStyleDefault;
				INFOPLIST_KEY_UISupportedInterfaceOrientations_iPad = "UIInterfaceOrientationPortrait UIInterfaceOrientationPortraitUpsideDown UIInterfaceOrientationLandscapeLeft UIInterfaceOrientationLandscapeRight";
				INFOPLIST_KEY_UISupportedInterfaceOrientations_iPhone = "UIInterfaceOrientationPortrait UIInterfaceOrientationLandscapeLeft UIInterfaceOrientationLandscapeRight";
				IPHONEOS_DEPLOYMENT_TARGET = 15.0;
				LD_RUNPATH_SEARCH_PATHS = "@executable_path/Frameworks";
				"LD_RUNPATH_SEARCH_PATHS[sdk=macosx*]" = "@executable_path/../Frameworks";
				MACOSX_DEPLOYMENT_TARGET = 12.0;
				MARKETING_VERSION = 1.0.0;
				PRODUCT_BUNDLE_IDENTIFIER = "net.kk-systems.Chronometer.Example";
				PRODUCT_NAME = Example;
				SDKROOT = macosx;
				SUPPORTED_PLATFORMS = macosx;
				SWIFT_EMIT_LOC_STRINGS = YES;
				SWIFT_VERSION = 5.0;
				TARGETED_DEVICE_FAMILY = "1,2";
			};
			name = Release;
		};
		1936318928DA3600008D3160 /* Debug */ = {
			isa = XCBuildConfiguration;
			baseConfigurationReference = 10B7EB02B42E3F1BA55FE7EA /* Pods-ExampleTests - macOS.debug.xcconfig */;
			buildSettings = {
				ALWAYS_EMBED_SWIFT_STANDARD_LIBRARIES = YES;
				BUNDLE_LOADER = "$(TEST_HOST)";
				CODE_SIGN_STYLE = Automatic;
				CURRENT_PROJECT_VERSION = 1;
				DEVELOPMENT_TEAM = "";
				GENERATE_INFOPLIST_FILE = YES;
				IPHONEOS_DEPLOYMENT_TARGET = 15.0;
				MACOSX_DEPLOYMENT_TARGET = 12.0;
				MARKETING_VERSION = 1.0;
				PRODUCT_BUNDLE_IDENTIFIER = "net.kk-systems.Chronometer.ExampleTests";
				PRODUCT_NAME = "$(TARGET_NAME)";
				SDKROOT = macosx;
				SUPPORTED_PLATFORMS = macosx;
				SWIFT_EMIT_LOC_STRINGS = NO;
				SWIFT_VERSION = 5.0;
				TARGETED_DEVICE_FAMILY = "1,2";
				TEST_HOST = "$(BUILT_PRODUCTS_DIR)/Example.app/Contents/MacOS/Example";
			};
			name = Debug;
		};
		1936318A28DA3600008D3160 /* Release */ = {
			isa = XCBuildConfiguration;
			baseConfigurationReference = A49B76BE4B5114730ABBD6E5 /* Pods-ExampleTests - macOS.release.xcconfig */;
			buildSettings = {
				ALWAYS_EMBED_SWIFT_STANDARD_LIBRARIES = YES;
				BUNDLE_LOADER = "$(TEST_HOST)";
				CODE_SIGN_STYLE = Automatic;
				CURRENT_PROJECT_VERSION = 1;
				DEVELOPMENT_TEAM = "";
				GENERATE_INFOPLIST_FILE = YES;
				IPHONEOS_DEPLOYMENT_TARGET = 15.0;
				MACOSX_DEPLOYMENT_TARGET = 12.0;
				MARKETING_VERSION = 1.0;
				PRODUCT_BUNDLE_IDENTIFIER = "net.kk-systems.Chronometer.ExampleTests";
				PRODUCT_NAME = "$(TARGET_NAME)";
				SDKROOT = macosx;
				SUPPORTED_PLATFORMS = macosx;
				SWIFT_EMIT_LOC_STRINGS = NO;
				SWIFT_VERSION = 5.0;
				TARGETED_DEVICE_FAMILY = "1,2";
				TEST_HOST = "$(BUILT_PRODUCTS_DIR)/Example.app/Contents/MacOS/Example";
			};
			name = Release;
		};
		1936319728DA3602008D3160 /* Debug */ = {
			isa = XCBuildConfiguration;
			baseConfigurationReference = 427D9CE6DDD2D20748729C1D /* Pods-macOS-Example - macOS-ExampleUITests - macOS.debug.xcconfig */;
			buildSettings = {
				ALWAYS_EMBED_SWIFT_STANDARD_LIBRARIES = YES;
				CODE_SIGN_STYLE = Automatic;
				CURRENT_PROJECT_VERSION = 1;
				DEVELOPMENT_TEAM = "";
				GENERATE_INFOPLIST_FILE = YES;
				IPHONEOS_DEPLOYMENT_TARGET = 15.0;
				MACOSX_DEPLOYMENT_TARGET = 12.0;
				MARKETING_VERSION = 1.0;
				PRODUCT_BUNDLE_IDENTIFIER = "net.kk-systems.Chronometer.ExampleUITests";
				PRODUCT_NAME = "$(TARGET_NAME)";
				SDKROOT = macosx;
				SUPPORTED_PLATFORMS = macosx;
				SWIFT_EMIT_LOC_STRINGS = NO;
				SWIFT_VERSION = 5.0;
				TARGETED_DEVICE_FAMILY = "1,2";
				TEST_TARGET_NAME = "Example - macOS";
			};
			name = Debug;
		};
		1936319828DA3602008D3160 /* Release */ = {
			isa = XCBuildConfiguration;
			baseConfigurationReference = DE584D07D9536FAEE65118C1 /* Pods-macOS-Example - macOS-ExampleUITests - macOS.release.xcconfig */;
			buildSettings = {
				ALWAYS_EMBED_SWIFT_STANDARD_LIBRARIES = YES;
				CODE_SIGN_STYLE = Automatic;
				CURRENT_PROJECT_VERSION = 1;
				DEVELOPMENT_TEAM = "";
				GENERATE_INFOPLIST_FILE = YES;
				IPHONEOS_DEPLOYMENT_TARGET = 15.0;
				MACOSX_DEPLOYMENT_TARGET = 12.0;
				MARKETING_VERSION = 1.0;
				PRODUCT_BUNDLE_IDENTIFIER = "net.kk-systems.Chronometer.ExampleUITests";
				PRODUCT_NAME = "$(TARGET_NAME)";
				SDKROOT = macosx;
				SUPPORTED_PLATFORMS = macosx;
				SWIFT_EMIT_LOC_STRINGS = NO;
				SWIFT_VERSION = 5.0;
				TARGETED_DEVICE_FAMILY = "1,2";
				TEST_TARGET_NAME = "Example - macOS";
			};
			name = Release;
		};
		193631D628DC8E52008D3160 /* Debug */ = {
			isa = XCBuildConfiguration;
			baseConfigurationReference = AE305078BEE9F8E2E8A1274C /* Pods-macOS-Example - macOS-Screenshot.debug.xcconfig */;
			buildSettings = {
				ASSETCATALOG_COMPILER_APPICON_NAME = AppIcon;
				ASSETCATALOG_COMPILER_GLOBAL_ACCENT_COLOR_NAME = AccentColor;
				CLANG_CXX_LANGUAGE_STANDARD = "gnu++17";
				CODE_SIGN_ENTITLEMENTS = Screenshot/Screenshot.entitlements;
				CODE_SIGN_IDENTITY = "Apple Development";
				CODE_SIGN_STYLE = Automatic;
				COMBINE_HIDPI_IMAGES = YES;
				CURRENT_PROJECT_VERSION = 1;
				DEVELOPMENT_ASSET_PATHS = "\"Screenshot/Preview Content\"";
				DEVELOPMENT_TEAM = "";
				ENABLE_HARDENED_RUNTIME = YES;
				ENABLE_PREVIEWS = YES;
				GENERATE_INFOPLIST_FILE = YES;
				INFOPLIST_KEY_NSHumanReadableCopyright = "";
				LD_RUNPATH_SEARCH_PATHS = (
					"$(inherited)",
					"@executable_path/../Frameworks",
				);
				MACOSX_DEPLOYMENT_TARGET = 12.0;
				MARKETING_VERSION = 1.0;
				PRODUCT_BUNDLE_IDENTIFIER = "net.kk-systems.Chronometer.Screenshot";
				PRODUCT_NAME = "$(TARGET_NAME)";
				SDKROOT = macosx;
				SWIFT_EMIT_LOC_STRINGS = YES;
				SWIFT_VERSION = 5.0;
			};
			name = Debug;
		};
		193631D728DC8E52008D3160 /* Release */ = {
			isa = XCBuildConfiguration;
			baseConfigurationReference = DF9B495850F6318D7529441A /* Pods-macOS-Example - macOS-Screenshot.release.xcconfig */;
			buildSettings = {
				ASSETCATALOG_COMPILER_APPICON_NAME = AppIcon;
				ASSETCATALOG_COMPILER_GLOBAL_ACCENT_COLOR_NAME = AccentColor;
				CLANG_CXX_LANGUAGE_STANDARD = "gnu++17";
				CODE_SIGN_ENTITLEMENTS = Screenshot/Screenshot.entitlements;
				CODE_SIGN_IDENTITY = "Apple Development";
				CODE_SIGN_STYLE = Automatic;
				COMBINE_HIDPI_IMAGES = YES;
				CURRENT_PROJECT_VERSION = 1;
				DEVELOPMENT_ASSET_PATHS = "\"Screenshot/Preview Content\"";
				DEVELOPMENT_TEAM = "";
				ENABLE_HARDENED_RUNTIME = YES;
				ENABLE_PREVIEWS = YES;
				GENERATE_INFOPLIST_FILE = YES;
				INFOPLIST_KEY_NSHumanReadableCopyright = "";
				LD_RUNPATH_SEARCH_PATHS = (
					"$(inherited)",
					"@executable_path/../Frameworks",
				);
				MACOSX_DEPLOYMENT_TARGET = 12.0;
				MARKETING_VERSION = 1.0;
				PRODUCT_BUNDLE_IDENTIFIER = "net.kk-systems.Chronometer.Screenshot";
				PRODUCT_NAME = "$(TARGET_NAME)";
				SDKROOT = macosx;
				SWIFT_EMIT_LOC_STRINGS = YES;
				SWIFT_VERSION = 5.0;
			};
			name = Release;
		};
		197B415128DA273B009D012C /* Debug */ = {
			isa = XCBuildConfiguration;
			buildSettings = {
				ALWAYS_SEARCH_USER_PATHS = NO;
				CLANG_ANALYZER_NONNULL = YES;
				CLANG_ANALYZER_NUMBER_OBJECT_CONVERSION = YES_AGGRESSIVE;
				CLANG_CXX_LANGUAGE_STANDARD = "gnu++20";
				CLANG_ENABLE_MODULES = YES;
				CLANG_ENABLE_OBJC_ARC = YES;
				CLANG_ENABLE_OBJC_WEAK = YES;
				CLANG_WARN_BLOCK_CAPTURE_AUTORELEASING = YES;
				CLANG_WARN_BOOL_CONVERSION = YES;
				CLANG_WARN_COMMA = YES;
				CLANG_WARN_CONSTANT_CONVERSION = YES;
				CLANG_WARN_DEPRECATED_OBJC_IMPLEMENTATIONS = YES;
				CLANG_WARN_DIRECT_OBJC_ISA_USAGE = YES_ERROR;
				CLANG_WARN_DOCUMENTATION_COMMENTS = YES;
				CLANG_WARN_EMPTY_BODY = YES;
				CLANG_WARN_ENUM_CONVERSION = YES;
				CLANG_WARN_INFINITE_RECURSION = YES;
				CLANG_WARN_INT_CONVERSION = YES;
				CLANG_WARN_NON_LITERAL_NULL_CONVERSION = YES;
				CLANG_WARN_OBJC_IMPLICIT_RETAIN_SELF = YES;
				CLANG_WARN_OBJC_LITERAL_CONVERSION = YES;
				CLANG_WARN_OBJC_ROOT_CLASS = YES_ERROR;
				CLANG_WARN_QUOTED_INCLUDE_IN_FRAMEWORK_HEADER = YES;
				CLANG_WARN_RANGE_LOOP_ANALYSIS = YES;
				CLANG_WARN_STRICT_PROTOTYPES = YES;
				CLANG_WARN_SUSPICIOUS_MOVE = YES;
				CLANG_WARN_UNGUARDED_AVAILABILITY = YES_AGGRESSIVE;
				CLANG_WARN_UNREACHABLE_CODE = YES;
				CLANG_WARN__DUPLICATE_METHOD_MATCH = YES;
				COPY_PHASE_STRIP = NO;
				DEBUG_INFORMATION_FORMAT = dwarf;
				ENABLE_STRICT_OBJC_MSGSEND = YES;
				ENABLE_TESTABILITY = YES;
				GCC_C_LANGUAGE_STANDARD = gnu11;
				GCC_DYNAMIC_NO_PIC = NO;
				GCC_NO_COMMON_BLOCKS = YES;
				GCC_OPTIMIZATION_LEVEL = 0;
				GCC_PREPROCESSOR_DEFINITIONS = (
					"DEBUG=1",
					"$(inherited)",
				);
				GCC_WARN_64_TO_32_BIT_CONVERSION = YES;
				GCC_WARN_ABOUT_RETURN_TYPE = YES_ERROR;
				GCC_WARN_UNDECLARED_SELECTOR = YES;
				GCC_WARN_UNINITIALIZED_AUTOS = YES_AGGRESSIVE;
				GCC_WARN_UNUSED_FUNCTION = YES;
				GCC_WARN_UNUSED_VARIABLE = YES;
				IPHONEOS_DEPLOYMENT_TARGET = 15.0;
				MACOSX_DEPLOYMENT_TARGET = 12.0;
				MTL_ENABLE_DEBUG_INFO = INCLUDE_SOURCE;
				MTL_FAST_MATH = YES;
				ONLY_ACTIVE_ARCH = YES;
				SWIFT_ACTIVE_COMPILATION_CONDITIONS = DEBUG;
				SWIFT_OPTIMIZATION_LEVEL = "-Onone";
				SWIFT_VERSION = 5.0;
			};
			name = Debug;
		};
		197B415228DA273B009D012C /* Release */ = {
			isa = XCBuildConfiguration;
			buildSettings = {
				ALWAYS_SEARCH_USER_PATHS = NO;
				CLANG_ANALYZER_NONNULL = YES;
				CLANG_ANALYZER_NUMBER_OBJECT_CONVERSION = YES_AGGRESSIVE;
				CLANG_CXX_LANGUAGE_STANDARD = "gnu++20";
				CLANG_ENABLE_MODULES = YES;
				CLANG_ENABLE_OBJC_ARC = YES;
				CLANG_ENABLE_OBJC_WEAK = YES;
				CLANG_WARN_BLOCK_CAPTURE_AUTORELEASING = YES;
				CLANG_WARN_BOOL_CONVERSION = YES;
				CLANG_WARN_COMMA = YES;
				CLANG_WARN_CONSTANT_CONVERSION = YES;
				CLANG_WARN_DEPRECATED_OBJC_IMPLEMENTATIONS = YES;
				CLANG_WARN_DIRECT_OBJC_ISA_USAGE = YES_ERROR;
				CLANG_WARN_DOCUMENTATION_COMMENTS = YES;
				CLANG_WARN_EMPTY_BODY = YES;
				CLANG_WARN_ENUM_CONVERSION = YES;
				CLANG_WARN_INFINITE_RECURSION = YES;
				CLANG_WARN_INT_CONVERSION = YES;
				CLANG_WARN_NON_LITERAL_NULL_CONVERSION = YES;
				CLANG_WARN_OBJC_IMPLICIT_RETAIN_SELF = YES;
				CLANG_WARN_OBJC_LITERAL_CONVERSION = YES;
				CLANG_WARN_OBJC_ROOT_CLASS = YES_ERROR;
				CLANG_WARN_QUOTED_INCLUDE_IN_FRAMEWORK_HEADER = YES;
				CLANG_WARN_RANGE_LOOP_ANALYSIS = YES;
				CLANG_WARN_STRICT_PROTOTYPES = YES;
				CLANG_WARN_SUSPICIOUS_MOVE = YES;
				CLANG_WARN_UNGUARDED_AVAILABILITY = YES_AGGRESSIVE;
				CLANG_WARN_UNREACHABLE_CODE = YES;
				CLANG_WARN__DUPLICATE_METHOD_MATCH = YES;
				COPY_PHASE_STRIP = NO;
				DEBUG_INFORMATION_FORMAT = "dwarf-with-dsym";
				ENABLE_NS_ASSERTIONS = NO;
				ENABLE_STRICT_OBJC_MSGSEND = YES;
				GCC_C_LANGUAGE_STANDARD = gnu11;
				GCC_NO_COMMON_BLOCKS = YES;
				GCC_WARN_64_TO_32_BIT_CONVERSION = YES;
				GCC_WARN_ABOUT_RETURN_TYPE = YES_ERROR;
				GCC_WARN_UNDECLARED_SELECTOR = YES;
				GCC_WARN_UNINITIALIZED_AUTOS = YES_AGGRESSIVE;
				GCC_WARN_UNUSED_FUNCTION = YES;
				GCC_WARN_UNUSED_VARIABLE = YES;
				IPHONEOS_DEPLOYMENT_TARGET = 15.0;
				MACOSX_DEPLOYMENT_TARGET = 12.0;
				MTL_ENABLE_DEBUG_INFO = NO;
				MTL_FAST_MATH = YES;
				SWIFT_COMPILATION_MODE = wholemodule;
				SWIFT_OPTIMIZATION_LEVEL = "-O";
				SWIFT_VERSION = 5.0;
			};
			name = Release;
		};
		197B415428DA273B009D012C /* Debug */ = {
			isa = XCBuildConfiguration;
			baseConfigurationReference = 2A9ECDF1B3DB402719DB89AB /* Pods-iOS-Example - iOS.debug.xcconfig */;
			buildSettings = {
				ASSETCATALOG_COMPILER_APPICON_NAME = AppIcon;
				ASSETCATALOG_COMPILER_GLOBAL_ACCENT_COLOR_NAME = AccentColor;
				CODE_SIGN_ENTITLEMENTS = Example/Example.entitlements;
				CODE_SIGN_IDENTITY = "Apple Development";
				CODE_SIGN_STYLE = Automatic;
				CURRENT_PROJECT_VERSION = 1;
				DEVELOPMENT_ASSET_PATHS = "\"Example/Preview Content\"";
				DEVELOPMENT_TEAM = "";
				ENABLE_HARDENED_RUNTIME = YES;
				ENABLE_PREVIEWS = YES;
				GENERATE_INFOPLIST_FILE = YES;
				INFOPLIST_FILE = "";
				INFOPLIST_KEY_UIApplicationSceneManifest_Generation = YES;
				"INFOPLIST_KEY_UIApplicationSceneManifest_Generation[sdk=iphoneos*]" = YES;
				"INFOPLIST_KEY_UIApplicationSceneManifest_Generation[sdk=iphonesimulator*]" = YES;
				INFOPLIST_KEY_UIApplicationSupportsIndirectInputEvents = YES;
				"INFOPLIST_KEY_UIApplicationSupportsIndirectInputEvents[sdk=iphoneos*]" = YES;
				"INFOPLIST_KEY_UIApplicationSupportsIndirectInputEvents[sdk=iphonesimulator*]" = YES;
				INFOPLIST_KEY_UILaunchScreen_Generation = YES;
				"INFOPLIST_KEY_UILaunchScreen_Generation[sdk=iphoneos*]" = YES;
				"INFOPLIST_KEY_UILaunchScreen_Generation[sdk=iphonesimulator*]" = YES;
				"INFOPLIST_KEY_UIStatusBarStyle[sdk=iphoneos*]" = UIStatusBarStyleDefault;
				"INFOPLIST_KEY_UIStatusBarStyle[sdk=iphonesimulator*]" = UIStatusBarStyleDefault;
				INFOPLIST_KEY_UISupportedInterfaceOrientations_iPad = "UIInterfaceOrientationPortrait UIInterfaceOrientationPortraitUpsideDown UIInterfaceOrientationLandscapeLeft UIInterfaceOrientationLandscapeRight";
				INFOPLIST_KEY_UISupportedInterfaceOrientations_iPhone = "UIInterfaceOrientationPortrait UIInterfaceOrientationLandscapeLeft UIInterfaceOrientationLandscapeRight";
				IPHONEOS_DEPLOYMENT_TARGET = 15.0;
				LD_RUNPATH_SEARCH_PATHS = "@executable_path/Frameworks";
				"LD_RUNPATH_SEARCH_PATHS[sdk=macosx*]" = "@executable_path/../Frameworks";
				MACOSX_DEPLOYMENT_TARGET = 12.0;
				MARKETING_VERSION = 1.0.0;
				PRODUCT_BUNDLE_IDENTIFIER = "net.kk-systems.Chronometer.Example";
				PRODUCT_NAME = Example;
				SDKROOT = iphoneos;
				SUPPORTED_PLATFORMS = "iphonesimulator iphoneos";
				SWIFT_EMIT_LOC_STRINGS = YES;
				SWIFT_VERSION = 5.0;
				TARGETED_DEVICE_FAMILY = "1,2";
			};
			name = Debug;
		};
		197B415528DA273B009D012C /* Release */ = {
			isa = XCBuildConfiguration;
			baseConfigurationReference = C4933AAE13DB4CA1B2B0C772 /* Pods-iOS-Example - iOS.release.xcconfig */;
			buildSettings = {
				ASSETCATALOG_COMPILER_APPICON_NAME = AppIcon;
				ASSETCATALOG_COMPILER_GLOBAL_ACCENT_COLOR_NAME = AccentColor;
				CODE_SIGN_ENTITLEMENTS = Example/Example.entitlements;
				CODE_SIGN_IDENTITY = "Apple Development";
				CODE_SIGN_STYLE = Automatic;
				CURRENT_PROJECT_VERSION = 1;
				DEVELOPMENT_ASSET_PATHS = "\"Example/Preview Content\"";
				DEVELOPMENT_TEAM = "";
				ENABLE_HARDENED_RUNTIME = YES;
				ENABLE_PREVIEWS = YES;
				GENERATE_INFOPLIST_FILE = YES;
				INFOPLIST_FILE = "";
				INFOPLIST_KEY_UIApplicationSceneManifest_Generation = YES;
				"INFOPLIST_KEY_UIApplicationSceneManifest_Generation[sdk=iphoneos*]" = YES;
				"INFOPLIST_KEY_UIApplicationSceneManifest_Generation[sdk=iphonesimulator*]" = YES;
				INFOPLIST_KEY_UIApplicationSupportsIndirectInputEvents = YES;
				"INFOPLIST_KEY_UIApplicationSupportsIndirectInputEvents[sdk=iphoneos*]" = YES;
				"INFOPLIST_KEY_UIApplicationSupportsIndirectInputEvents[sdk=iphonesimulator*]" = YES;
				INFOPLIST_KEY_UILaunchScreen_Generation = YES;
				"INFOPLIST_KEY_UILaunchScreen_Generation[sdk=iphoneos*]" = YES;
				"INFOPLIST_KEY_UILaunchScreen_Generation[sdk=iphonesimulator*]" = YES;
				"INFOPLIST_KEY_UIStatusBarStyle[sdk=iphoneos*]" = UIStatusBarStyleDefault;
				"INFOPLIST_KEY_UIStatusBarStyle[sdk=iphonesimulator*]" = UIStatusBarStyleDefault;
				INFOPLIST_KEY_UISupportedInterfaceOrientations_iPad = "UIInterfaceOrientationPortrait UIInterfaceOrientationPortraitUpsideDown UIInterfaceOrientationLandscapeLeft UIInterfaceOrientationLandscapeRight";
				INFOPLIST_KEY_UISupportedInterfaceOrientations_iPhone = "UIInterfaceOrientationPortrait UIInterfaceOrientationLandscapeLeft UIInterfaceOrientationLandscapeRight";
				IPHONEOS_DEPLOYMENT_TARGET = 15.0;
				LD_RUNPATH_SEARCH_PATHS = "@executable_path/Frameworks";
				"LD_RUNPATH_SEARCH_PATHS[sdk=macosx*]" = "@executable_path/../Frameworks";
				MACOSX_DEPLOYMENT_TARGET = 12.0;
				MARKETING_VERSION = 1.0.0;
				PRODUCT_BUNDLE_IDENTIFIER = "net.kk-systems.Chronometer.Example";
				PRODUCT_NAME = Example;
				SDKROOT = iphoneos;
				SUPPORTED_PLATFORMS = "iphonesimulator iphoneos";
				SWIFT_EMIT_LOC_STRINGS = YES;
				SWIFT_VERSION = 5.0;
				TARGETED_DEVICE_FAMILY = "1,2";
			};
			name = Release;
		};
		197B415728DA273B009D012C /* Debug */ = {
			isa = XCBuildConfiguration;
			baseConfigurationReference = 1F33CC967F81D83B43A3BE37 /* Pods-ExampleTests - iOS.debug.xcconfig */;
			buildSettings = {
				ALWAYS_EMBED_SWIFT_STANDARD_LIBRARIES = YES;
				BUNDLE_LOADER = "$(TEST_HOST)";
				CODE_SIGN_STYLE = Automatic;
				CURRENT_PROJECT_VERSION = 1;
				DEVELOPMENT_TEAM = "";
				GENERATE_INFOPLIST_FILE = YES;
				IPHONEOS_DEPLOYMENT_TARGET = 15.0;
				MACOSX_DEPLOYMENT_TARGET = 12.0;
				MARKETING_VERSION = 1.0;
				PRODUCT_BUNDLE_IDENTIFIER = "net.kk-systems.Chronometer.ExampleTests";
				PRODUCT_NAME = "$(TARGET_NAME)";
				SDKROOT = iphoneos;
				SUPPORTED_PLATFORMS = "iphonesimulator iphoneos";
				SWIFT_EMIT_LOC_STRINGS = NO;
				SWIFT_VERSION = 5.0;
				TARGETED_DEVICE_FAMILY = "1,2";
				TEST_HOST = "$(BUILT_PRODUCTS_DIR)/Example.app/Example";
			};
			name = Debug;
		};
		197B415828DA273B009D012C /* Release */ = {
			isa = XCBuildConfiguration;
			baseConfigurationReference = 8C31FC2D4817FAD229A323B9 /* Pods-ExampleTests - iOS.release.xcconfig */;
			buildSettings = {
				ALWAYS_EMBED_SWIFT_STANDARD_LIBRARIES = YES;
				BUNDLE_LOADER = "$(TEST_HOST)";
				CODE_SIGN_STYLE = Automatic;
				CURRENT_PROJECT_VERSION = 1;
				DEVELOPMENT_TEAM = "";
				GENERATE_INFOPLIST_FILE = YES;
				IPHONEOS_DEPLOYMENT_TARGET = 15.0;
				MACOSX_DEPLOYMENT_TARGET = 12.0;
				MARKETING_VERSION = 1.0;
				PRODUCT_BUNDLE_IDENTIFIER = "net.kk-systems.Chronometer.ExampleTests";
				PRODUCT_NAME = "$(TARGET_NAME)";
				SDKROOT = iphoneos;
				SUPPORTED_PLATFORMS = "iphonesimulator iphoneos";
				SWIFT_EMIT_LOC_STRINGS = NO;
				SWIFT_VERSION = 5.0;
				TARGETED_DEVICE_FAMILY = "1,2";
				TEST_HOST = "$(BUILT_PRODUCTS_DIR)/Example.app/Example";
			};
			name = Release;
		};
		197B415A28DA273B009D012C /* Debug */ = {
			isa = XCBuildConfiguration;
			baseConfigurationReference = 6A9B93CC17D7F51A2D585DE6 /* Pods-iOS-Example - iOS-ExampleUITests - iOS.debug.xcconfig */;
			buildSettings = {
				ALWAYS_EMBED_SWIFT_STANDARD_LIBRARIES = YES;
				CODE_SIGN_STYLE = Automatic;
				CURRENT_PROJECT_VERSION = 1;
				DEVELOPMENT_TEAM = "";
				GENERATE_INFOPLIST_FILE = YES;
				IPHONEOS_DEPLOYMENT_TARGET = 15.0;
				MACOSX_DEPLOYMENT_TARGET = 12.0;
				MARKETING_VERSION = 1.0;
				PRODUCT_BUNDLE_IDENTIFIER = "net.kk-systems.Chronometer.ExampleUITests";
				PRODUCT_NAME = "$(TARGET_NAME)";
				SDKROOT = iphoneos;
				SUPPORTED_PLATFORMS = "iphonesimulator iphoneos";
				SWIFT_EMIT_LOC_STRINGS = NO;
				SWIFT_VERSION = 5.0;
				TARGETED_DEVICE_FAMILY = "1,2";
				TEST_TARGET_NAME = Example;
			};
			name = Debug;
		};
		197B415B28DA273B009D012C /* Release */ = {
			isa = XCBuildConfiguration;
			baseConfigurationReference = AE116780A48A277D38602A45 /* Pods-iOS-Example - iOS-ExampleUITests - iOS.release.xcconfig */;
			buildSettings = {
				ALWAYS_EMBED_SWIFT_STANDARD_LIBRARIES = YES;
				CODE_SIGN_STYLE = Automatic;
				CURRENT_PROJECT_VERSION = 1;
				DEVELOPMENT_TEAM = "";
				GENERATE_INFOPLIST_FILE = YES;
				IPHONEOS_DEPLOYMENT_TARGET = 15.0;
				MACOSX_DEPLOYMENT_TARGET = 12.0;
				MARKETING_VERSION = 1.0;
				PRODUCT_BUNDLE_IDENTIFIER = "net.kk-systems.Chronometer.ExampleUITests";
				PRODUCT_NAME = "$(TARGET_NAME)";
				SDKROOT = iphoneos;
				SUPPORTED_PLATFORMS = "iphonesimulator iphoneos";
				SWIFT_EMIT_LOC_STRINGS = NO;
				SWIFT_VERSION = 5.0;
				TARGETED_DEVICE_FAMILY = "1,2";
				TEST_TARGET_NAME = Example;
			};
			name = Release;
		};
/* End XCBuildConfiguration section */

/* Begin XCConfigurationList section */
		1936317B28DA34F3008D3160 /* Build configuration list for PBXNativeTarget "Example - macOS" */ = {
			isa = XCConfigurationList;
			buildConfigurations = (
				1936317C28DA34F3008D3160 /* Debug */,
				1936317D28DA34F3008D3160 /* Release */,
			);
			defaultConfigurationIsVisible = 0;
			defaultConfigurationName = Release;
		};
		1936318828DA3600008D3160 /* Build configuration list for PBXNativeTarget "ExampleTests - macOS" */ = {
			isa = XCConfigurationList;
			buildConfigurations = (
				1936318928DA3600008D3160 /* Debug */,
				1936318A28DA3600008D3160 /* Release */,
			);
			defaultConfigurationIsVisible = 0;
			defaultConfigurationName = Release;
		};
		1936319628DA3602008D3160 /* Build configuration list for PBXNativeTarget "ExampleUITests - macOS" */ = {
			isa = XCConfigurationList;
			buildConfigurations = (
				1936319728DA3602008D3160 /* Debug */,
				1936319828DA3602008D3160 /* Release */,
			);
			defaultConfigurationIsVisible = 0;
			defaultConfigurationName = Release;
		};
		193631D528DC8E52008D3160 /* Build configuration list for PBXNativeTarget "Screenshot" */ = {
			isa = XCConfigurationList;
			buildConfigurations = (
				193631D628DC8E52008D3160 /* Debug */,
				193631D728DC8E52008D3160 /* Release */,
			);
			defaultConfigurationIsVisible = 0;
			defaultConfigurationName = Release;
		};
		197B412928DA273A009D012C /* Build configuration list for PBXProject "Example" */ = {
			isa = XCConfigurationList;
			buildConfigurations = (
				197B415128DA273B009D012C /* Debug */,
				197B415228DA273B009D012C /* Release */,
			);
			defaultConfigurationIsVisible = 0;
			defaultConfigurationName = Release;
		};
		197B415328DA273B009D012C /* Build configuration list for PBXNativeTarget "Example - iOS" */ = {
			isa = XCConfigurationList;
			buildConfigurations = (
				197B415428DA273B009D012C /* Debug */,
				197B415528DA273B009D012C /* Release */,
			);
			defaultConfigurationIsVisible = 0;
			defaultConfigurationName = Release;
		};
		197B415628DA273B009D012C /* Build configuration list for PBXNativeTarget "ExampleTests - iOS" */ = {
			isa = XCConfigurationList;
			buildConfigurations = (
				197B415728DA273B009D012C /* Debug */,
				197B415828DA273B009D012C /* Release */,
			);
			defaultConfigurationIsVisible = 0;
			defaultConfigurationName = Release;
		};
		197B415928DA273B009D012C /* Build configuration list for PBXNativeTarget "ExampleUITests - iOS" */ = {
			isa = XCConfigurationList;
			buildConfigurations = (
				197B415A28DA273B009D012C /* Debug */,
				197B415B28DA273B009D012C /* Release */,
			);
			defaultConfigurationIsVisible = 0;
			defaultConfigurationName = Release;
		};
/* End XCConfigurationList section */
	};
	rootObject = 197B412628DA273A009D012C /* Project object */;
}
